
Microsoft Visual Studio Solution File, Format Version 12.00
# Visual Studio Version 17
VisualStudioVersion = 17.4.33213.308
MinimumVisualStudioVersion = 10.0.40219.1
Project("{2150E333-8FDC-42A3-9474-1A3956D46DE8}") = "src", "src", "{277200BA-46C0-460B-BB66-2A261C1A3221}"
EndProject
Project("{9A19103F-16F7-4668-BE54-9A1E7A4F7556}") = "GroomerDoggyStyle.Api", "src\Groomer-doggy-style\GroomerDoggyStyle\GroomerDoggyStyle.Api.csproj", "{D6CC0727-AEA7-4BAF-801B-C3B153336287}"
EndProject
Project("{9A19103F-16F7-4668-BE54-9A1E7A4F7556}") = "GroomerDoggyStyle.Application", "src\Groomer-doggy-style\GroomerDoggyStyle.Application\GroomerDoggyStyle.Application.csproj", "{9B3F0D69-37B9-4AC3-9BE5-EB5A9B61AEF6}"
EndProject
Project("{9A19103F-16F7-4668-BE54-9A1E7A4F7556}") = "GroomerDoggyStyle.Application.Address", "src\Groomer-doggy-style\GroomerDoggyStyle.Application.Address\GroomerDoggyStyle.Application.Address.csproj", "{96EA3BAB-06C3-41AF-B3E1-EF2939E1FFD7}"
EndProject
Project("{9A19103F-16F7-4668-BE54-9A1E7A4F7556}") = "GroomerDoggyStyle.Application.Dogs", "src\Groomer-doggy-style\GroomerDoggyStyle.Application.Dogs\GroomerDoggyStyle.Application.Dogs.csproj", "{4F9CB281-A54D-4FE0-B0AF-FA223D128DFC}"
EndProject
Project("{9A19103F-16F7-4668-BE54-9A1E7A4F7556}") = "GroomerDoggyStyle.Application.Employee", "src\Groomer-doggy-style\GroomerDoggyStyle.Application.Employee\GroomerDoggyStyle.Application.Employee.csproj", "{3FD4A4B7-B0E7-475B-B95E-E895647BB33E}"
EndProject
Project("{9A19103F-16F7-4668-BE54-9A1E7A4F7556}") = "GroomerDoggyStyle.Application.GroomerShops", "src\Groomer-doggy-style\GroomerDoggyStyle.Application.GroomerShops\GroomerDoggyStyle.Application.GroomerShops.csproj", "{FD490DCF-1459-4E91-9F21-3DA542137980}"
EndProject
Project("{9A19103F-16F7-4668-BE54-9A1E7A4F7556}") = "GroomerDoggyStyle.Application.Offers", "src\Groomer-doggy-style\GroomerDoggyStyle.Application.Offers\GroomerDoggyStyle.Application.Offers.csproj", "{97815791-C3BA-4AE6-AA9C-0C0E705A13CA}"
EndProject
Project("{9A19103F-16F7-4668-BE54-9A1E7A4F7556}") = "GroomerDoggyStyle.Application.Owners", "src\Groomer-doggy-style\GroomerDoggyStyle.Application.Owners\GroomerDoggyStyle.Application.Owners.csproj", "{169E3613-1D2F-4527-8D4C-E09DB4673B76}"
EndProject
Project("{9A19103F-16F7-4668-BE54-9A1E7A4F7556}") = "GroomerDoggyStyle.Application.Visits", "src\Groomer-doggy-style\GroomerDoggyStyle.Application.Visits\GroomerDoggyStyle.Application.Visits.csproj", "{DEF0C5A6-9E0A-4596-BFEF-34EAF0806CBE}"
EndProject
Project("{9A19103F-16F7-4668-BE54-9A1E7A4F7556}") = "GroomerDoggyStyle.Domain", "src\Groomer-doggy-style\GroomerDoggyStyle.Domain\GroomerDoggyStyle.Domain.csproj", "{D4C27C88-A072-43DD-82F5-32B1290595D8}"
EndProject
Project("{9A19103F-16F7-4668-BE54-9A1E7A4F7556}") = "GroomerDoggyStyle.Infrastructure", "src\Groomer-doggy-style\GroomerDoggyStyle.Infrastructure\GroomerDoggyStyle.Infrastructure.csproj", "{82BC22A5-A620-4186-8468-0127FF583319}"
EndProject
Project("{2150E333-8FDC-42A3-9474-1A3956D46DE8}") = "Modules", "Modules", "{CDD77ED7-EDCE-42CE-88D4-F37A1913C860}"
EndProject
Global
	GlobalSection(SolutionConfigurationPlatforms) = preSolution
		Debug|Any CPU = Debug|Any CPU
		Release|Any CPU = Release|Any CPU
	EndGlobalSection
	GlobalSection(ProjectConfigurationPlatforms) = postSolution
		{D6CC0727-AEA7-4BAF-801B-C3B153336287}.Debug|Any CPU.ActiveCfg = Debug|Any CPU
		{D6CC0727-AEA7-4BAF-801B-C3B153336287}.Debug|Any CPU.Build.0 = Debug|Any CPU
		{D6CC0727-AEA7-4BAF-801B-C3B153336287}.Release|Any CPU.ActiveCfg = Release|Any CPU
		{D6CC0727-AEA7-4BAF-801B-C3B153336287}.Release|Any CPU.Build.0 = Release|Any CPU
		{9B3F0D69-37B9-4AC3-9BE5-EB5A9B61AEF6}.Debug|Any CPU.ActiveCfg = Debug|Any CPU
		{9B3F0D69-37B9-4AC3-9BE5-EB5A9B61AEF6}.Debug|Any CPU.Build.0 = Debug|Any CPU
		{9B3F0D69-37B9-4AC3-9BE5-EB5A9B61AEF6}.Release|Any CPU.ActiveCfg = Release|Any CPU
		{9B3F0D69-37B9-4AC3-9BE5-EB5A9B61AEF6}.Release|Any CPU.Build.0 = Release|Any CPU
		{96EA3BAB-06C3-41AF-B3E1-EF2939E1FFD7}.Debug|Any CPU.ActiveCfg = Debug|Any CPU
		{96EA3BAB-06C3-41AF-B3E1-EF2939E1FFD7}.Debug|Any CPU.Build.0 = Debug|Any CPU
		{96EA3BAB-06C3-41AF-B3E1-EF2939E1FFD7}.Release|Any CPU.ActiveCfg = Release|Any CPU
		{96EA3BAB-06C3-41AF-B3E1-EF2939E1FFD7}.Release|Any CPU.Build.0 = Release|Any CPU
		{4F9CB281-A54D-4FE0-B0AF-FA223D128DFC}.Debug|Any CPU.ActiveCfg = Debug|Any CPU
		{4F9CB281-A54D-4FE0-B0AF-FA223D128DFC}.Debug|Any CPU.Build.0 = Debug|Any CPU
		{4F9CB281-A54D-4FE0-B0AF-FA223D128DFC}.Release|Any CPU.ActiveCfg = Release|Any CPU
		{4F9CB281-A54D-4FE0-B0AF-FA223D128DFC}.Release|Any CPU.Build.0 = Release|Any CPU
		{3FD4A4B7-B0E7-475B-B95E-E895647BB33E}.Debug|Any CPU.ActiveCfg = Debug|Any CPU
		{3FD4A4B7-B0E7-475B-B95E-E895647BB33E}.Debug|Any CPU.Build.0 = Debug|Any CPU
		{3FD4A4B7-B0E7-475B-B95E-E895647BB33E}.Release|Any CPU.ActiveCfg = Release|Any CPU
		{3FD4A4B7-B0E7-475B-B95E-E895647BB33E}.Release|Any CPU.Build.0 = Release|Any CPU
		{FD490DCF-1459-4E91-9F21-3DA542137980}.Debug|Any CPU.ActiveCfg = Debug|Any CPU
		{FD490DCF-1459-4E91-9F21-3DA542137980}.Debug|Any CPU.Build.0 = Debug|Any CPU
		{FD490DCF-1459-4E91-9F21-3DA542137980}.Release|Any CPU.ActiveCfg = Release|Any CPU
		{FD490DCF-1459-4E91-9F21-3DA542137980}.Release|Any CPU.Build.0 = Release|Any CPU
		{97815791-C3BA-4AE6-AA9C-0C0E705A13CA}.Debug|Any CPU.ActiveCfg = Debug|Any CPU
		{97815791-C3BA-4AE6-AA9C-0C0E705A13CA}.Debug|Any CPU.Build.0 = Debug|Any CPU
		{97815791-C3BA-4AE6-AA9C-0C0E705A13CA}.Release|Any CPU.ActiveCfg = Release|Any CPU
		{97815791-C3BA-4AE6-AA9C-0C0E705A13CA}.Release|Any CPU.Build.0 = Release|Any CPU
		{169E3613-1D2F-4527-8D4C-E09DB4673B76}.Debug|Any CPU.ActiveCfg = Debug|Any CPU
		{169E3613-1D2F-4527-8D4C-E09DB4673B76}.Debug|Any CPU.Build.0 = Debug|Any CPU
		{169E3613-1D2F-4527-8D4C-E09DB4673B76}.Release|Any CPU.ActiveCfg = Release|Any CPU
		{169E3613-1D2F-4527-8D4C-E09DB4673B76}.Release|Any CPU.Build.0 = Release|Any CPU
		{DEF0C5A6-9E0A-4596-BFEF-34EAF0806CBE}.Debug|Any CPU.ActiveCfg = Debug|Any CPU
		{DEF0C5A6-9E0A-4596-BFEF-34EAF0806CBE}.Debug|Any CPU.Build.0 = Debug|Any CPU
		{DEF0C5A6-9E0A-4596-BFEF-34EAF0806CBE}.Release|Any CPU.ActiveCfg = Release|Any CPU
		{DEF0C5A6-9E0A-4596-BFEF-34EAF0806CBE}.Release|Any CPU.Build.0 = Release|Any CPU
		{D4C27C88-A072-43DD-82F5-32B1290595D8}.Debug|Any CPU.ActiveCfg = Debug|Any CPU
		{D4C27C88-A072-43DD-82F5-32B1290595D8}.Debug|Any CPU.Build.0 = Debug|Any CPU
		{D4C27C88-A072-43DD-82F5-32B1290595D8}.Release|Any CPU.ActiveCfg = Release|Any CPU
		{D4C27C88-A072-43DD-82F5-32B1290595D8}.Release|Any CPU.Build.0 = Release|Any CPU
		{82BC22A5-A620-4186-8468-0127FF583319}.Debug|Any CPU.ActiveCfg = Debug|Any CPU
		{82BC22A5-A620-4186-8468-0127FF583319}.Debug|Any CPU.Build.0 = Debug|Any CPU
		{82BC22A5-A620-4186-8468-0127FF583319}.Release|Any CPU.ActiveCfg = Release|Any CPU
		{82BC22A5-A620-4186-8468-0127FF583319}.Release|Any CPU.Build.0 = Release|Any CPU
	EndGlobalSection
	GlobalSection(SolutionProperties) = preSolution
		HideSolutionNode = FALSE
	EndGlobalSection
	GlobalSection(NestedProjects) = preSolution
		{D6CC0727-AEA7-4BAF-801B-C3B153336287} = {277200BA-46C0-460B-BB66-2A261C1A3221}
		{9B3F0D69-37B9-4AC3-9BE5-EB5A9B61AEF6} = {277200BA-46C0-460B-BB66-2A261C1A3221}
		{96EA3BAB-06C3-41AF-B3E1-EF2939E1FFD7} = {CDD77ED7-EDCE-42CE-88D4-F37A1913C860}
		{4F9CB281-A54D-4FE0-B0AF-FA223D128DFC} = {CDD77ED7-EDCE-42CE-88D4-F37A1913C860}
		{3FD4A4B7-B0E7-475B-B95E-E895647BB33E} = {CDD77ED7-EDCE-42CE-88D4-F37A1913C860}
		{FD490DCF-1459-4E91-9F21-3DA542137980} = {CDD77ED7-EDCE-42CE-88D4-F37A1913C860}
		{97815791-C3BA-4AE6-AA9C-0C0E705A13CA} = {CDD77ED7-EDCE-42CE-88D4-F37A1913C860}
		{169E3613-1D2F-4527-8D4C-E09DB4673B76} = {CDD77ED7-EDCE-42CE-88D4-F37A1913C860}
		{DEF0C5A6-9E0A-4596-BFEF-34EAF0806CBE} = {CDD77ED7-EDCE-42CE-88D4-F37A1913C860}
		{D4C27C88-A072-43DD-82F5-32B1290595D8} = {277200BA-46C0-460B-BB66-2A261C1A3221}
		{82BC22A5-A620-4186-8468-0127FF583319} = {277200BA-46C0-460B-BB66-2A261C1A3221}
		{CDD77ED7-EDCE-42CE-88D4-F37A1913C860} = {277200BA-46C0-460B-BB66-2A261C1A3221}
	EndGlobalSection
	GlobalSection(ExtensibilityGlobals) = postSolution
		SolutionGuid = {01314BA9-6F4C-4C34-BB42-0DD85FCCE651}
	EndGlobalSection
EndGlobal
